
Microsoft Visual Studio Solution File, Format Version 12.00
# Visual Studio Version 18
VisualStudioVersion = 18.0.11222.15 d18.0
MinimumVisualStudioVersion = 10.0.40219.1
Project("{9092AA53-FB77-4645-B42D-1CCCA6BD08BD}") = "lib_utilities", "lib_utilities\lib_utilities.njsproj", "{AC203296-ACD3-49A5-8CE9-1D0C5C4D0ED5}"
EndProject
Project("{2150E333-8FDC-42A3-9474-1A3956D46DE8}") = "1. PRESENTATIONS", "1. PRESENTATIONS", "{8F950B53-6559-4886-84D1-3FF7A29530D3}"
EndProject
Project("{2150E333-8FDC-42A3-9474-1A3956D46DE8}") = "1.1 Presentation.Core", "1.1 Presentation.Core", "{177FDD78-0744-4745-8AC6-26B084D57D9D}"
EndProject
Project("{2150E333-8FDC-42A3-9474-1A3956D46DE8}") = "1.2 Presentation", "1.2 Presentation", "{FEDFF5D7-F10C-45FC-9F6F-A50815A1E673}"
EndProject
Project("{2150E333-8FDC-42A3-9474-1A3956D46DE8}") = "1.3 Communications", "1.3 Communications", "{B8AAF236-3BA0-42C4-AFCF-31BEEF536C23}"
EndProject
Project("{2150E333-8FDC-42A3-9474-1A3956D46DE8}") = "2. SERVICES", "2. SERVICES", "{05697C09-E45C-4FFF-ACE9-3EE818E297AF}"
EndProject
Project("{2150E333-8FDC-42A3-9474-1A3956D46DE8}") = "2.1 Core", "2.1 Core", "{DC04C0AB-FEA5-44F1-B78F-751CF87941CC}"
EndProject
Project("{2150E333-8FDC-42A3-9474-1A3956D46DE8}") = "2.2.1 Web.Services", "2.2.1 Web.Services", "{FD4B3930-D2D7-461E-9A56-E4FC5DBA4834}"
EndProject
Project("{2150E333-8FDC-42A3-9474-1A3956D46DE8}") = "3. APPLICATIONS", "3. APPLICATIONS", "{24107D09-0639-45BC-87A9-F71AA93323AE}"
EndProject
Project("{2150E333-8FDC-42A3-9474-1A3956D46DE8}") = "4. DOMAIN", "4. DOMAIN", "{D4485935-8A29-4773-85D4-756BEF444376}"
EndProject
Project("{2150E333-8FDC-42A3-9474-1A3956D46DE8}") = "5. DATA", "5. DATA", "{080548E3-C81C-4E11-A39E-8890D33CEEBD}"
EndProject
Project("{2150E333-8FDC-42A3-9474-1A3956D46DE8}") = "6. INFRASTRUCTURE", "6. INFRASTRUCTURE", "{6B78E3CF-6950-4C0C-9BBC-057058661CDF}"
EndProject
Project("{2150E333-8FDC-42A3-9474-1A3956D46DE8}") = "7. UTILITIES", "7. UTILITIES", "{F358B325-3EEF-40F2-ABBD-3AFFE77FBB06}"
EndProject
Project("{2150E333-8FDC-42A3-9474-1A3956D46DE8}") = "8. DATABASES", "8. DATABASES", "{3F72EA99-31A8-4BE0-ACFA-F9CCE670F404}"
EndProject
Project("{2150E333-8FDC-42A3-9474-1A3956D46DE8}") = "9. UNIT TESTS", "9. UNIT TESTS", "{40CCF953-7318-4D80-8DBC-B6E14AC1BA4D}"
EndProject
Project("{00D1A9C2-B5F0-4AF3-8072-F6C62B433612}") = "db_persons", "db_persons\db_persons.sqlproj", "{45F5CD21-77F5-4FF3-B1FE-3D723127E990}"
EndProject
Project("{9092AA53-FB77-4645-B42D-1CCCA6BD08BD}") = "lib_infrastructure", "lib_infrastructure\lib_infrastructure.njsproj", "{3B14EB80-9F46-4CFC-8AFF-B74A59F6C223}"
EndProject
Project("{9092AA53-FB77-4645-B42D-1CCCA6BD08BD}") = "lib_domain_entities", "lib_domain_entities\lib_domain_entities.njsproj", "{DEDD3572-5040-415C-9062-BA94A35480B8}"
EndProject
Project("{9092AA53-FB77-4645-B42D-1CCCA6BD08BD}") = "lib_domain_context", "lib_domain_context\lib_domain_context.njsproj", "{071727A4-70A1-4EB3-82F1-9A8F9996047D}"
EndProject
Project("{9092AA53-FB77-4645-B42D-1CCCA6BD08BD}") = "lib_application_context", "lib_application_context\lib_application_context.njsproj", "{8DB0ABBB-FE4D-4F02-838B-974F21F4E0F3}"
EndProject
Project("{9092AA53-FB77-4645-B42D-1CCCA6BD08BD}") = "lib_application_core", "lib_application_core\lib_application_core.njsproj", "{E63525AF-803F-41D0-8076-8BB76421EE2C}"
EndProject
Project("{9092AA53-FB77-4645-B42D-1CCCA6BD08BD}") = "lib_data_context", "lib_data_context\lib_data_context.njsproj", "{CD781168-E5D0-4290-8229-4C4C8FDF3041}"
EndProject
Project("{9092AA53-FB77-4645-B42D-1CCCA6BD08BD}") = "lib_data_core", "lib_data_core\lib_data_core.njsproj", "{48506B4C-7164-4639-A9F7-99BDB9E307A7}"
EndProject
Project("{9092AA53-FB77-4645-B42D-1CCCA6BD08BD}") = "lib_service_core", "lib_service_core\lib_service_core.njsproj", "{96F34926-BFD2-4356-801E-DA794E976EA5}"
EndProject
Project("{9092AA53-FB77-4645-B42D-1CCCA6BD08BD}") = "srw_persons", "srw_persons\srw_persons.njsproj", "{4428B088-A5C4-4924-BABF-86322FB52892}"
EndProject
Project("{2150E333-8FDC-42A3-9474-1A3956D46DE8}") = "Solution Items", "Solution Items", "{DC6B072E-6BB0-4C45-93D3-D31C213E2831}"
	ProjectSection(SolutionItems) = preProject
		README.md = README.md
	EndProjectSection
EndProject
Global
	GlobalSection(SolutionConfigurationPlatforms) = preSolution
		Debug|Any CPU = Debug|Any CPU
		Release|Any CPU = Release|Any CPU
	EndGlobalSection
	GlobalSection(ProjectConfigurationPlatforms) = postSolution
		{AC203296-ACD3-49A5-8CE9-1D0C5C4D0ED5}.Debug|Any CPU.ActiveCfg = Debug|Any CPU
		{AC203296-ACD3-49A5-8CE9-1D0C5C4D0ED5}.Debug|Any CPU.Build.0 = Debug|Any CPU
		{AC203296-ACD3-49A5-8CE9-1D0C5C4D0ED5}.Release|Any CPU.ActiveCfg = Release|Any CPU
		{AC203296-ACD3-49A5-8CE9-1D0C5C4D0ED5}.Release|Any CPU.Build.0 = Release|Any CPU
		{45F5CD21-77F5-4FF3-B1FE-3D723127E990}.Debug|Any CPU.ActiveCfg = Debug|Any CPU
		{45F5CD21-77F5-4FF3-B1FE-3D723127E990}.Debug|Any CPU.Build.0 = Debug|Any CPU
		{45F5CD21-77F5-4FF3-B1FE-3D723127E990}.Debug|Any CPU.Deploy.0 = Debug|Any CPU
		{45F5CD21-77F5-4FF3-B1FE-3D723127E990}.Release|Any CPU.ActiveCfg = Release|Any CPU
		{45F5CD21-77F5-4FF3-B1FE-3D723127E990}.Release|Any CPU.Build.0 = Release|Any CPU
		{45F5CD21-77F5-4FF3-B1FE-3D723127E990}.Release|Any CPU.Deploy.0 = Release|Any CPU
		{3B14EB80-9F46-4CFC-8AFF-B74A59F6C223}.Debug|Any CPU.ActiveCfg = Debug|Any CPU
		{3B14EB80-9F46-4CFC-8AFF-B74A59F6C223}.Debug|Any CPU.Build.0 = Debug|Any CPU
		{3B14EB80-9F46-4CFC-8AFF-B74A59F6C223}.Release|Any CPU.ActiveCfg = Release|Any CPU
		{3B14EB80-9F46-4CFC-8AFF-B74A59F6C223}.Release|Any CPU.Build.0 = Release|Any CPU
		{DEDD3572-5040-415C-9062-BA94A35480B8}.Debug|Any CPU.ActiveCfg = Debug|Any CPU
		{DEDD3572-5040-415C-9062-BA94A35480B8}.Debug|Any CPU.Build.0 = Debug|Any CPU
		{DEDD3572-5040-415C-9062-BA94A35480B8}.Release|Any CPU.ActiveCfg = Release|Any CPU
		{DEDD3572-5040-415C-9062-BA94A35480B8}.Release|Any CPU.Build.0 = Release|Any CPU
		{071727A4-70A1-4EB3-82F1-9A8F9996047D}.Debug|Any CPU.ActiveCfg = Debug|Any CPU
		{071727A4-70A1-4EB3-82F1-9A8F9996047D}.Debug|Any CPU.Build.0 = Debug|Any CPU
		{071727A4-70A1-4EB3-82F1-9A8F9996047D}.Release|Any CPU.ActiveCfg = Release|Any CPU
		{071727A4-70A1-4EB3-82F1-9A8F9996047D}.Release|Any CPU.Build.0 = Release|Any CPU
		{8DB0ABBB-FE4D-4F02-838B-974F21F4E0F3}.Debug|Any CPU.ActiveCfg = Debug|Any CPU
		{8DB0ABBB-FE4D-4F02-838B-974F21F4E0F3}.Debug|Any CPU.Build.0 = Debug|Any CPU
		{8DB0ABBB-FE4D-4F02-838B-974F21F4E0F3}.Release|Any CPU.ActiveCfg = Release|Any CPU
		{8DB0ABBB-FE4D-4F02-838B-974F21F4E0F3}.Release|Any CPU.Build.0 = Release|Any CPU
		{E63525AF-803F-41D0-8076-8BB76421EE2C}.Debug|Any CPU.ActiveCfg = Debug|Any CPU
		{E63525AF-803F-41D0-8076-8BB76421EE2C}.Debug|Any CPU.Build.0 = Debug|Any CPU
		{E63525AF-803F-41D0-8076-8BB76421EE2C}.Release|Any CPU.ActiveCfg = Release|Any CPU
		{E63525AF-803F-41D0-8076-8BB76421EE2C}.Release|Any CPU.Build.0 = Release|Any CPU
		{CD781168-E5D0-4290-8229-4C4C8FDF3041}.Debug|Any CPU.ActiveCfg = Debug|Any CPU
		{CD781168-E5D0-4290-8229-4C4C8FDF3041}.Debug|Any CPU.Build.0 = Debug|Any CPU
		{CD781168-E5D0-4290-8229-4C4C8FDF3041}.Release|Any CPU.ActiveCfg = Release|Any CPU
		{CD781168-E5D0-4290-8229-4C4C8FDF3041}.Release|Any CPU.Build.0 = Release|Any CPU
		{48506B4C-7164-4639-A9F7-99BDB9E307A7}.Debug|Any CPU.ActiveCfg = Debug|Any CPU
		{48506B4C-7164-4639-A9F7-99BDB9E307A7}.Debug|Any CPU.Build.0 = Debug|Any CPU
		{48506B4C-7164-4639-A9F7-99BDB9E307A7}.Release|Any CPU.ActiveCfg = Release|Any CPU
		{48506B4C-7164-4639-A9F7-99BDB9E307A7}.Release|Any CPU.Build.0 = Release|Any CPU
		{96F34926-BFD2-4356-801E-DA794E976EA5}.Debug|Any CPU.ActiveCfg = Debug|Any CPU
		{96F34926-BFD2-4356-801E-DA794E976EA5}.Debug|Any CPU.Build.0 = Debug|Any CPU
		{96F34926-BFD2-4356-801E-DA794E976EA5}.Release|Any CPU.ActiveCfg = Release|Any CPU
		{96F34926-BFD2-4356-801E-DA794E976EA5}.Release|Any CPU.Build.0 = Release|Any CPU
		{4428B088-A5C4-4924-BABF-86322FB52892}.Debug|Any CPU.ActiveCfg = Debug|Any CPU
		{4428B088-A5C4-4924-BABF-86322FB52892}.Debug|Any CPU.Build.0 = Debug|Any CPU
		{4428B088-A5C4-4924-BABF-86322FB52892}.Release|Any CPU.ActiveCfg = Release|Any CPU
		{4428B088-A5C4-4924-BABF-86322FB52892}.Release|Any CPU.Build.0 = Release|Any CPU
	EndGlobalSection
	GlobalSection(SolutionProperties) = preSolution
		HideSolutionNode = FALSE
	EndGlobalSection
	GlobalSection(NestedProjects) = preSolution
		{AC203296-ACD3-49A5-8CE9-1D0C5C4D0ED5} = {F358B325-3EEF-40F2-ABBD-3AFFE77FBB06}
		{177FDD78-0744-4745-8AC6-26B084D57D9D} = {8F950B53-6559-4886-84D1-3FF7A29530D3}
		{FEDFF5D7-F10C-45FC-9F6F-A50815A1E673} = {8F950B53-6559-4886-84D1-3FF7A29530D3}
		{B8AAF236-3BA0-42C4-AFCF-31BEEF536C23} = {8F950B53-6559-4886-84D1-3FF7A29530D3}
		{DC04C0AB-FEA5-44F1-B78F-751CF87941CC} = {05697C09-E45C-4FFF-ACE9-3EE818E297AF}
		{FD4B3930-D2D7-461E-9A56-E4FC5DBA4834} = {05697C09-E45C-4FFF-ACE9-3EE818E297AF}
		{45F5CD21-77F5-4FF3-B1FE-3D723127E990} = {3F72EA99-31A8-4BE0-ACFA-F9CCE670F404}
		{3B14EB80-9F46-4CFC-8AFF-B74A59F6C223} = {6B78E3CF-6950-4C0C-9BBC-057058661CDF}
		{DEDD3572-5040-415C-9062-BA94A35480B8} = {D4485935-8A29-4773-85D4-756BEF444376}
		{071727A4-70A1-4EB3-82F1-9A8F9996047D} = {D4485935-8A29-4773-85D4-756BEF444376}
		{8DB0ABBB-FE4D-4F02-838B-974F21F4E0F3} = {24107D09-0639-45BC-87A9-F71AA93323AE}
		{E63525AF-803F-41D0-8076-8BB76421EE2C} = {24107D09-0639-45BC-87A9-F71AA93323AE}
		{CD781168-E5D0-4290-8229-4C4C8FDF3041} = {080548E3-C81C-4E11-A39E-8890D33CEEBD}
		{48506B4C-7164-4639-A9F7-99BDB9E307A7} = {080548E3-C81C-4E11-A39E-8890D33CEEBD}
		{96F34926-BFD2-4356-801E-DA794E976EA5} = {DC04C0AB-FEA5-44F1-B78F-751CF87941CC}
		{4428B088-A5C4-4924-BABF-86322FB52892} = {FD4B3930-D2D7-461E-9A56-E4FC5DBA4834}
	EndGlobalSection
	GlobalSection(ExtensibilityGlobals) = postSolution
		SolutionGuid = {2A99B9F9-5C2B-4C55-BFA4-E0C1E7C74979}
	EndGlobalSection
EndGlobal
